
Microsoft Visual Studio Solution File, Format Version 12.00
# Visual Studio Version 17
VisualStudioVersion = 17.11.35312.102
MinimumVisualStudioVersion = 10.0.40219.1
Project("{9A19103F-16F7-4668-BE54-9A1E7A4F7556}") = "Question 3", "Question 3.csproj", "{609A6346-A758-403A-8096-2B09C79673AF}"
EndProject
Global
	GlobalSection(SolutionConfigurationPlatforms) = preSolution
		Debug|Any CPU = Debug|Any CPU
		Release|Any CPU = Release|Any CPU
	EndGlobalSection
	GlobalSection(ProjectConfigurationPlatforms) = postSolution
		{609A6346-A758-403A-8096-2B09C79673AF}.Debug|Any CPU.ActiveCfg = Debug|Any CPU
		{609A6346-A758-403A-8096-2B09C79673AF}.Debug|Any CPU.Build.0 = Debug|Any CPU
		{609A6346-A758-403A-8096-2B09C79673AF}.Release|Any CPU.ActiveCfg = Release|Any CPU
		{609A6346-A758-403A-8096-2B09C79673AF}.Release|Any CPU.Build.0 = Release|Any CPU
	EndGlobalSection
	GlobalSection(SolutionProperties) = preSolution
		HideSolutionNode = FALSE
	EndGlobalSection
	GlobalSection(ExtensibilityGlobals) = postSolution
		SolutionGuid = {EEC3172C-9F2D-477E-9ECC-70755C9BB053}
	EndGlobalSection
EndGlobal
